// !$*UTF8*$!
{
	archiveVersion = 1;
	classes = {
	};
	objectVersion = 56;
	objects = {

/* Begin PBXBuildFile section */
		286D3A7A2A2C5126004E9568 /* MWSensor.swift in Sources */ = {isa = PBXBuildFile; fileRef = 286D3A792A2C5126004E9568 /* MWSensor.swift */; };
		286D3A7C2A2C5173004E9568 /* AssessmentSettings.swift in Sources */ = {isa = PBXBuildFile; fileRef = 286D3A7B2A2C5173004E9568 /* AssessmentSettings.swift */; };
		28CB2EBF2A40239000314378 /* GaitExercise.swift in Sources */ = {isa = PBXBuildFile; fileRef = 28CB2EBE2A40239000314378 /* GaitExercise.swift */; };
		28CB2EC42A402FC200314378 /* CsvWriter.swift in Sources */ = {isa = PBXBuildFile; fileRef = 28CB2EC32A402FC200314378 /* CsvWriter.swift */; };
		28CB2EC62A40304E00314378 /* FilesManager.swift in Sources */ = {isa = PBXBuildFile; fileRef = 28CB2EC52A40304E00314378 /* FilesManager.swift */; };
		28CB2ECC2A40694000314378 /* WebKit.framework in Frameworks */ = {isa = PBXBuildFile; fileRef = 28CB2ECB2A40694000314378 /* WebKit.framework */; };
		28CB2ECE2A416F0200314378 /* MwSensorVideoRecorderViewController.swift in Sources */ = {isa = PBXBuildFile; fileRef = 28CB2ECD2A416F0200314378 /* MwSensorVideoRecorderViewController.swift */; };
		28ED11272A2882E7006AC791 /* AppDelegate.m in Sources */ = {isa = PBXBuildFile; fileRef = 28ED11262A2882E7006AC791 /* AppDelegate.m */; };
		28ED112A2A2882E7006AC791 /* SceneDelegate.m in Sources */ = {isa = PBXBuildFile; fileRef = 28ED11292A2882E7006AC791 /* SceneDelegate.m */; };
		28ED112D2A2882E7006AC791 /* ViewController.m in Sources */ = {isa = PBXBuildFile; fileRef = 28ED112C2A2882E7006AC791 /* ViewController.m */; };
		28ED11302A2882E7006AC791 /* Main.storyboard in Resources */ = {isa = PBXBuildFile; fileRef = 28ED112E2A2882E7006AC791 /* Main.storyboard */; };
		28ED11322A2882E8006AC791 /* Assets.xcassets in Resources */ = {isa = PBXBuildFile; fileRef = 28ED11312A2882E8006AC791 /* Assets.xcassets */; };
		28ED11352A2882E8006AC791 /* LaunchScreen.storyboard in Resources */ = {isa = PBXBuildFile; fileRef = 28ED11332A2882E8006AC791 /* LaunchScreen.storyboard */; };
		28ED11382A2882E8006AC791 /* main.m in Sources */ = {isa = PBXBuildFile; fileRef = 28ED11372A2882E8006AC791 /* main.m */; };
		28F5C1852A4185AD002BCDA5 /* MwSensorSummaryViewController.swift in Sources */ = {isa = PBXBuildFile; fileRef = 28F5C1842A4185AD002BCDA5 /* MwSensorSummaryViewController.swift */; };
		28F5C1872A419090002BCDA5 /* RecordButton.swift in Sources */ = {isa = PBXBuildFile; fileRef = 28F5C1862A419090002BCDA5 /* RecordButton.swift */; };
		28F5C1892A42AC20002BCDA5 /* MwSesnsorConnectionViewController.swift in Sources */ = {isa = PBXBuildFile; fileRef = 28F5C1882A42AC20002BCDA5 /* MwSesnsorConnectionViewController.swift */; };
		F4FA645AEEA792FF518166E6 /* libPods-MW_Test.a in Frameworks */ = {isa = PBXBuildFile; fileRef = 5142A10B4167E9239DDE203C /* libPods-MW_Test.a */; };
/* End PBXBuildFile section */

/* Begin PBXFileReference section */
		286D3A792A2C5126004E9568 /* MWSensor.swift */ = {isa = PBXFileReference; fileEncoding = 4; lastKnownFileType = sourcecode.swift; path = MWSensor.swift; sourceTree = "<group>"; };
		286D3A7B2A2C5173004E9568 /* AssessmentSettings.swift */ = {isa = PBXFileReference; fileEncoding = 4; lastKnownFileType = sourcecode.swift; path = AssessmentSettings.swift; sourceTree = "<group>"; };
		286D3A7F2A2C631D004E9568 /* MW_Test-Bridging-Header.h */ = {isa = PBXFileReference; fileEncoding = 4; lastKnownFileType = sourcecode.c.h; path = "MW_Test-Bridging-Header.h"; sourceTree = "<group>"; };
		28CB2EBE2A40239000314378 /* GaitExercise.swift */ = {isa = PBXFileReference; fileEncoding = 4; lastKnownFileType = sourcecode.swift; path = GaitExercise.swift; sourceTree = "<group>"; };
		28CB2EC32A402FC200314378 /* CsvWriter.swift */ = {isa = PBXFileReference; fileEncoding = 4; lastKnownFileType = sourcecode.swift; path = CsvWriter.swift; sourceTree = "<group>"; };
		28CB2EC52A40304E00314378 /* FilesManager.swift */ = {isa = PBXFileReference; fileEncoding = 4; lastKnownFileType = sourcecode.swift; path = FilesManager.swift; sourceTree = "<group>"; };
		28CB2ECB2A40694000314378 /* WebKit.framework */ = {isa = PBXFileReference; lastKnownFileType = wrapper.framework; name = WebKit.framework; path = System/Library/Frameworks/WebKit.framework; sourceTree = SDKROOT; };
		28CB2ECD2A416F0200314378 /* MwSensorVideoRecorderViewController.swift */ = {isa = PBXFileReference; lastKnownFileType = sourcecode.swift; path = MwSensorVideoRecorderViewController.swift; sourceTree = "<group>"; };
		28ED11222A2882E7006AC791 /* MW_Test.app */ = {isa = PBXFileReference; explicitFileType = wrapper.application; includeInIndex = 0; path = MW_Test.app; sourceTree = BUILT_PRODUCTS_DIR; };
		28ED11252A2882E7006AC791 /* AppDelegate.h */ = {isa = PBXFileReference; lastKnownFileType = sourcecode.c.h; path = AppDelegate.h; sourceTree = "<group>"; };
		28ED11262A2882E7006AC791 /* AppDelegate.m */ = {isa = PBXFileReference; lastKnownFileType = sourcecode.c.objc; path = AppDelegate.m; sourceTree = "<group>"; };
		28ED11282A2882E7006AC791 /* SceneDelegate.h */ = {isa = PBXFileReference; lastKnownFileType = sourcecode.c.h; path = SceneDelegate.h; sourceTree = "<group>"; };
		28ED11292A2882E7006AC791 /* SceneDelegate.m */ = {isa = PBXFileReference; lastKnownFileType = sourcecode.c.objc; path = SceneDelegate.m; sourceTree = "<group>"; };
		28ED112B2A2882E7006AC791 /* ViewController.h */ = {isa = PBXFileReference; lastKnownFileType = sourcecode.c.h; path = ViewController.h; sourceTree = "<group>"; };
		28ED112C2A2882E7006AC791 /* ViewController.m */ = {isa = PBXFileReference; lastKnownFileType = sourcecode.c.objc; path = ViewController.m; sourceTree = "<group>"; };
		28ED112F2A2882E7006AC791 /* Base */ = {isa = PBXFileReference; lastKnownFileType = file.storyboard; name = Base; path = Base.lproj/Main.storyboard; sourceTree = "<group>"; };
		28ED11312A2882E8006AC791 /* Assets.xcassets */ = {isa = PBXFileReference; lastKnownFileType = folder.assetcatalog; path = Assets.xcassets; sourceTree = "<group>"; };
		28ED11342A2882E8006AC791 /* Base */ = {isa = PBXFileReference; lastKnownFileType = file.storyboard; name = Base; path = Base.lproj/LaunchScreen.storyboard; sourceTree = "<group>"; };
		28ED11362A2882E8006AC791 /* Info.plist */ = {isa = PBXFileReference; lastKnownFileType = text.plist.xml; path = Info.plist; sourceTree = "<group>"; };
		28ED11372A2882E8006AC791 /* main.m */ = {isa = PBXFileReference; lastKnownFileType = sourcecode.c.objc; path = main.m; sourceTree = "<group>"; };
		28F5C1842A4185AD002BCDA5 /* MwSensorSummaryViewController.swift */ = {isa = PBXFileReference; lastKnownFileType = sourcecode.swift; path = MwSensorSummaryViewController.swift; sourceTree = "<group>"; };
		28F5C1862A419090002BCDA5 /* RecordButton.swift */ = {isa = PBXFileReference; lastKnownFileType = sourcecode.swift; path = RecordButton.swift; sourceTree = "<group>"; };
		28F5C1882A42AC20002BCDA5 /* MwSesnsorConnectionViewController.swift */ = {isa = PBXFileReference; lastKnownFileType = sourcecode.swift; path = MwSesnsorConnectionViewController.swift; sourceTree = "<group>"; };
		44E1EEB1B1A5D69894373C23 /* Pods-MW_Test.debug.xcconfig */ = {isa = PBXFileReference; includeInIndex = 1; lastKnownFileType = text.xcconfig; name = "Pods-MW_Test.debug.xcconfig"; path = "Target Support Files/Pods-MW_Test/Pods-MW_Test.debug.xcconfig"; sourceTree = "<group>"; };
		5142A10B4167E9239DDE203C /* libPods-MW_Test.a */ = {isa = PBXFileReference; explicitFileType = archive.ar; includeInIndex = 0; path = "libPods-MW_Test.a"; sourceTree = BUILT_PRODUCTS_DIR; };
		AD6794D34963DB540D6EB6CC /* Pods-MW_Test.release.xcconfig */ = {isa = PBXFileReference; includeInIndex = 1; lastKnownFileType = text.xcconfig; name = "Pods-MW_Test.release.xcconfig"; path = "Target Support Files/Pods-MW_Test/Pods-MW_Test.release.xcconfig"; sourceTree = "<group>"; };
/* End PBXFileReference section */

/* Begin PBXFrameworksBuildPhase section */
		28ED111F2A2882E7006AC791 /* Frameworks */ = {
			isa = PBXFrameworksBuildPhase;
			buildActionMask = 2147483647;
			files = (
				28CB2ECC2A40694000314378 /* WebKit.framework in Frameworks */,
				F4FA645AEEA792FF518166E6 /* libPods-MW_Test.a in Frameworks */,
			);
			runOnlyForDeploymentPostprocessing = 0;
		};
/* End PBXFrameworksBuildPhase section */

/* Begin PBXGroup section */
		28CB2EBB2A40231800314378 /* MwSensor */ = {
			isa = PBXGroup;
			children = (
				28CB2EC52A40304E00314378 /* FilesManager.swift */,
				28CB2EC32A402FC200314378 /* CsvWriter.swift */,
				28CB2EBE2A40239000314378 /* GaitExercise.swift */,
				286D3A7B2A2C5173004E9568 /* AssessmentSettings.swift */,
				286D3A792A2C5126004E9568 /* MWSensor.swift */,
				28F5C1862A419090002BCDA5 /* RecordButton.swift */,
			);
			path = MwSensor;
			sourceTree = "<group>";
		};
		28ED11192A2882E7006AC791 = {
			isa = PBXGroup;
			children = (
				28ED11242A2882E7006AC791 /* MW_Test */,
				28ED11232A2882E7006AC791 /* Products */,
				64012362020DD42045A8B5E7 /* Pods */,
				3AF4146BE4933D83ACA72A40 /* Frameworks */,
			);
			sourceTree = "<group>";
		};
		28ED11232A2882E7006AC791 /* Products */ = {
			isa = PBXGroup;
			children = (
				28ED11222A2882E7006AC791 /* MW_Test.app */,
			);
			name = Products;
			sourceTree = "<group>";
		};
		28ED11242A2882E7006AC791 /* MW_Test */ = {
			isa = PBXGroup;
			children = (
				28CB2EBB2A40231800314378 /* MwSensor */,
				286D3A7F2A2C631D004E9568 /* MW_Test-Bridging-Header.h */,
				28ED11252A2882E7006AC791 /* AppDelegate.h */,
				28ED11262A2882E7006AC791 /* AppDelegate.m */,
				28ED11282A2882E7006AC791 /* SceneDelegate.h */,
				28ED11292A2882E7006AC791 /* SceneDelegate.m */,
				28ED112B2A2882E7006AC791 /* ViewController.h */,
				28ED112C2A2882E7006AC791 /* ViewController.m */,
				28F5C1882A42AC20002BCDA5 /* MwSesnsorConnectionViewController.swift */,
				28CB2ECD2A416F0200314378 /* MwSensorVideoRecorderViewController.swift */,
				28F5C1842A4185AD002BCDA5 /* MwSensorSummaryViewController.swift */,
				28ED112E2A2882E7006AC791 /* Main.storyboard */,
				28ED11312A2882E8006AC791 /* Assets.xcassets */,
				28ED11332A2882E8006AC791 /* LaunchScreen.storyboard */,
				28ED11362A2882E8006AC791 /* Info.plist */,
				28ED11372A2882E8006AC791 /* main.m */,
			);
			path = MW_Test;
			sourceTree = "<group>";
		};
		3AF4146BE4933D83ACA72A40 /* Frameworks */ = {
			isa = PBXGroup;
			children = (
				28CB2ECB2A40694000314378 /* WebKit.framework */,
				5142A10B4167E9239DDE203C /* libPods-MW_Test.a */,
			);
			name = Frameworks;
			sourceTree = "<group>";
		};
		64012362020DD42045A8B5E7 /* Pods */ = {
			isa = PBXGroup;
			children = (
				44E1EEB1B1A5D69894373C23 /* Pods-MW_Test.debug.xcconfig */,
				AD6794D34963DB540D6EB6CC /* Pods-MW_Test.release.xcconfig */,
			);
			path = Pods;
			sourceTree = "<group>";
		};
/* End PBXGroup section */

/* Begin PBXHeadersBuildPhase section */
		2878FD8E2A31B5B000039612 /* Headers */ = {
			isa = PBXHeadersBuildPhase;
			buildActionMask = 2147483647;
			files = (
			);
			runOnlyForDeploymentPostprocessing = 0;
		};
/* End PBXHeadersBuildPhase section */

/* Begin PBXNativeTarget section */
		28ED11212A2882E7006AC791 /* MW_Test */ = {
			isa = PBXNativeTarget;
			buildConfigurationList = 28ED113B2A2882E8006AC791 /* Build configuration list for PBXNativeTarget "MW_Test" */;
			buildPhases = (
				9AA5A4F0EF6317B1EE9665E5 /* [CP] Check Pods Manifest.lock */,
				2878FD8E2A31B5B000039612 /* Headers */,
				28ED111E2A2882E7006AC791 /* Sources */,
				28ED111F2A2882E7006AC791 /* Frameworks */,
				28ED11202A2882E7006AC791 /* Resources */,
			);
			buildRules = (
			);
			dependencies = (
			);
			name = MW_Test;
			productName = MW_Test;
			productReference = 28ED11222A2882E7006AC791 /* MW_Test.app */;
			productType = "com.apple.product-type.application";
		};
/* End PBXNativeTarget section */

/* Begin PBXProject section */
		28ED111A2A2882E7006AC791 /* Project object */ = {
			isa = PBXProject;
			attributes = {
				BuildIndependentTargetsInParallel = 1;
				LastUpgradeCheck = 1430;
				TargetAttributes = {
					28ED11212A2882E7006AC791 = {
						CreatedOnToolsVersion = 14.3;
						LastSwiftMigration = 1430;
					};
				};
			};
			buildConfigurationList = 28ED111D2A2882E7006AC791 /* Build configuration list for PBXProject "MW_Test" */;
			compatibilityVersion = "Xcode 14.0";
			developmentRegion = en;
			hasScannedForEncodings = 0;
			knownRegions = (
				en,
				Base,
			);
			mainGroup = 28ED11192A2882E7006AC791;
			productRefGroup = 28ED11232A2882E7006AC791 /* Products */;
			projectDirPath = "";
			projectRoot = "";
			targets = (
				28ED11212A2882E7006AC791 /* MW_Test */,
			);
		};
/* End PBXProject section */

/* Begin PBXResourcesBuildPhase section */
		28ED11202A2882E7006AC791 /* Resources */ = {
			isa = PBXResourcesBuildPhase;
			buildActionMask = 2147483647;
			files = (
				28ED11352A2882E8006AC791 /* LaunchScreen.storyboard in Resources */,
				28ED11322A2882E8006AC791 /* Assets.xcassets in Resources */,
				28ED11302A2882E7006AC791 /* Main.storyboard in Resources */,
			);
			runOnlyForDeploymentPostprocessing = 0;
		};
/* End PBXResourcesBuildPhase section */

/* Begin PBXShellScriptBuildPhase section */
		9AA5A4F0EF6317B1EE9665E5 /* [CP] Check Pods Manifest.lock */ = {
			isa = PBXShellScriptBuildPhase;
			buildActionMask = 2147483647;
			files = (
			);
			inputFileListPaths = (
			);
			inputPaths = (
				"${PODS_PODFILE_DIR_PATH}/Podfile.lock",
				"${PODS_ROOT}/Manifest.lock",
			);
			name = "[CP] Check Pods Manifest.lock";
			outputFileListPaths = (
			);
			outputPaths = (
				"$(DERIVED_FILE_DIR)/Pods-MW_Test-checkManifestLockResult.txt",
			);
			runOnlyForDeploymentPostprocessing = 0;
			shellPath = /bin/sh;
			shellScript = "diff \"${PODS_PODFILE_DIR_PATH}/Podfile.lock\" \"${PODS_ROOT}/Manifest.lock\" > /dev/null\nif [ $? != 0 ] ; then\n    # print error to STDERR\n    echo \"error: The sandbox is not in sync with the Podfile.lock. Run 'pod install' or update your CocoaPods installation.\" >&2\n    exit 1\nfi\n# This output is used by Xcode 'outputs' to avoid re-running this script phase.\necho \"SUCCESS\" > \"${SCRIPT_OUTPUT_FILE_0}\"\n";
			showEnvVarsInLog = 0;
		};
/* End PBXShellScriptBuildPhase section */

/* Begin PBXSourcesBuildPhase section */
		28ED111E2A2882E7006AC791 /* Sources */ = {
			isa = PBXSourcesBuildPhase;
			buildActionMask = 2147483647;
			files = (
				28ED112D2A2882E7006AC791 /* ViewController.m in Sources */,
				28ED11272A2882E7006AC791 /* AppDelegate.m in Sources */,
				286D3A7C2A2C5173004E9568 /* AssessmentSettings.swift in Sources */,
				28CB2EC42A402FC200314378 /* CsvWriter.swift in Sources */,
				28F5C1872A419090002BCDA5 /* RecordButton.swift in Sources */,
				28ED11382A2882E8006AC791 /* main.m in Sources */,
				286D3A7A2A2C5126004E9568 /* MWSensor.swift in Sources */,
				28CB2ECE2A416F0200314378 /* MwSensorVideoRecorderViewController.swift in Sources */,
				28CB2EBF2A40239000314378 /* GaitExercise.swift in Sources */,
				28F5C1892A42AC20002BCDA5 /* MwSesnsorConnectionViewController.swift in Sources */,
				28F5C1852A4185AD002BCDA5 /* MwSensorSummaryViewController.swift in Sources */,
				28ED112A2A2882E7006AC791 /* SceneDelegate.m in Sources */,
				28CB2EC62A40304E00314378 /* FilesManager.swift in Sources */,
			);
			runOnlyForDeploymentPostprocessing = 0;
		};
/* End PBXSourcesBuildPhase section */

/* Begin PBXVariantGroup section */
		28ED112E2A2882E7006AC791 /* Main.storyboard */ = {
			isa = PBXVariantGroup;
			children = (
				28ED112F2A2882E7006AC791 /* Base */,
			);
			name = Main.storyboard;
			sourceTree = "<group>";
		};
		28ED11332A2882E8006AC791 /* LaunchScreen.storyboard */ = {
			isa = PBXVariantGroup;
			children = (
				28ED11342A2882E8006AC791 /* Base */,
			);
			name = LaunchScreen.storyboard;
			sourceTree = "<group>";
		};
/* End PBXVariantGroup section */

/* Begin XCBuildConfiguration section */
		28ED11392A2882E8006AC791 /* Debug */ = {
			isa = XCBuildConfiguration;
			buildSettings = {
				ALWAYS_SEARCH_USER_PATHS = NO;
				CLANG_ANALYZER_NONNULL = YES;
				CLANG_ANALYZER_NUMBER_OBJECT_CONVERSION = YES_AGGRESSIVE;
				CLANG_CXX_LANGUAGE_STANDARD = "gnu++20";
				CLANG_ENABLE_MODULES = YES;
				CLANG_ENABLE_OBJC_ARC = YES;
				CLANG_ENABLE_OBJC_WEAK = YES;
				CLANG_WARN_BLOCK_CAPTURE_AUTORELEASING = YES;
				CLANG_WARN_BOOL_CONVERSION = YES;
				CLANG_WARN_COMMA = YES;
				CLANG_WARN_CONSTANT_CONVERSION = YES;
				CLANG_WARN_DEPRECATED_OBJC_IMPLEMENTATIONS = YES;
				CLANG_WARN_DIRECT_OBJC_ISA_USAGE = YES_ERROR;
				CLANG_WARN_DOCUMENTATION_COMMENTS = YES;
				CLANG_WARN_EMPTY_BODY = YES;
				CLANG_WARN_ENUM_CONVERSION = YES;
				CLANG_WARN_INFINITE_RECURSION = YES;
				CLANG_WARN_INT_CONVERSION = YES;
				CLANG_WARN_NON_LITERAL_NULL_CONVERSION = YES;
				CLANG_WARN_OBJC_IMPLICIT_RETAIN_SELF = YES;
				CLANG_WARN_OBJC_LITERAL_CONVERSION = YES;
				CLANG_WARN_OBJC_ROOT_CLASS = YES_ERROR;
				CLANG_WARN_QUOTED_INCLUDE_IN_FRAMEWORK_HEADER = YES;
				CLANG_WARN_RANGE_LOOP_ANALYSIS = YES;
				CLANG_WARN_STRICT_PROTOTYPES = YES;
				CLANG_WARN_SUSPICIOUS_MOVE = YES;
				CLANG_WARN_UNGUARDED_AVAILABILITY = YES_AGGRESSIVE;
				CLANG_WARN_UNREACHABLE_CODE = YES;
				CLANG_WARN__DUPLICATE_METHOD_MATCH = YES;
				COPY_PHASE_STRIP = NO;
				DEBUG_INFORMATION_FORMAT = dwarf;
				ENABLE_STRICT_OBJC_MSGSEND = YES;
				ENABLE_TESTABILITY = YES;
				GCC_C_LANGUAGE_STANDARD = gnu11;
				GCC_DYNAMIC_NO_PIC = NO;
				GCC_NO_COMMON_BLOCKS = YES;
				GCC_OPTIMIZATION_LEVEL = 0;
				GCC_PREPROCESSOR_DEFINITIONS = (
					"DEBUG=1",
					"$(inherited)",
				);
				GCC_WARN_64_TO_32_BIT_CONVERSION = YES;
				GCC_WARN_ABOUT_RETURN_TYPE = YES_ERROR;
				GCC_WARN_UNDECLARED_SELECTOR = YES;
				GCC_WARN_UNINITIALIZED_AUTOS = YES_AGGRESSIVE;
				GCC_WARN_UNUSED_FUNCTION = YES;
				GCC_WARN_UNUSED_VARIABLE = YES;
				IPHONEOS_DEPLOYMENT_TARGET = 11.1;
				MTL_ENABLE_DEBUG_INFO = INCLUDE_SOURCE;
				MTL_FAST_MATH = YES;
				ONLY_ACTIVE_ARCH = YES;
				SDKROOT = iphoneos;
			};
			name = Debug;
		};
		28ED113A2A2882E8006AC791 /* Release */ = {
			isa = XCBuildConfiguration;
			buildSettings = {
				ALWAYS_SEARCH_USER_PATHS = NO;
				CLANG_ANALYZER_NONNULL = YES;
				CLANG_ANALYZER_NUMBER_OBJECT_CONVERSION = YES_AGGRESSIVE;
				CLANG_CXX_LANGUAGE_STANDARD = "gnu++20";
				CLANG_ENABLE_MODULES = YES;
				CLANG_ENABLE_OBJC_ARC = YES;
				CLANG_ENABLE_OBJC_WEAK = YES;
				CLANG_WARN_BLOCK_CAPTURE_AUTORELEASING = YES;
				CLANG_WARN_BOOL_CONVERSION = YES;
				CLANG_WARN_COMMA = YES;
				CLANG_WARN_CONSTANT_CONVERSION = YES;
				CLANG_WARN_DEPRECATED_OBJC_IMPLEMENTATIONS = YES;
				CLANG_WARN_DIRECT_OBJC_ISA_USAGE = YES_ERROR;
				CLANG_WARN_DOCUMENTATION_COMMENTS = YES;
				CLANG_WARN_EMPTY_BODY = YES;
				CLANG_WARN_ENUM_CONVERSION = YES;
				CLANG_WARN_INFINITE_RECURSION = YES;
				CLANG_WARN_INT_CONVERSION = YES;
				CLANG_WARN_NON_LITERAL_NULL_CONVERSION = YES;
				CLANG_WARN_OBJC_IMPLICIT_RETAIN_SELF = YES;
				CLANG_WARN_OBJC_LITERAL_CONVERSION = YES;
				CLANG_WARN_OBJC_ROOT_CLASS = YES_ERROR;
				CLANG_WARN_QUOTED_INCLUDE_IN_FRAMEWORK_HEADER = YES;
				CLANG_WARN_RANGE_LOOP_ANALYSIS = YES;
				CLANG_WARN_STRICT_PROTOTYPES = YES;
				CLANG_WARN_SUSPICIOUS_MOVE = YES;
				CLANG_WARN_UNGUARDED_AVAILABILITY = YES_AGGRESSIVE;
				CLANG_WARN_UNREACHABLE_CODE = YES;
				CLANG_WARN__DUPLICATE_METHOD_MATCH = YES;
				COPY_PHASE_STRIP = NO;
				DEBUG_INFORMATION_FORMAT = "dwarf-with-dsym";
				ENABLE_NS_ASSERTIONS = NO;
				ENABLE_STRICT_OBJC_MSGSEND = YES;
				GCC_C_LANGUAGE_STANDARD = gnu11;
				GCC_NO_COMMON_BLOCKS = YES;
				GCC_WARN_64_TO_32_BIT_CONVERSION = YES;
				GCC_WARN_ABOUT_RETURN_TYPE = YES_ERROR;
				GCC_WARN_UNDECLARED_SELECTOR = YES;
				GCC_WARN_UNINITIALIZED_AUTOS = YES_AGGRESSIVE;
				GCC_WARN_UNUSED_FUNCTION = YES;
				GCC_WARN_UNUSED_VARIABLE = YES;
				IPHONEOS_DEPLOYMENT_TARGET = 11.1;
				MTL_ENABLE_DEBUG_INFO = NO;
				MTL_FAST_MATH = YES;
				SDKROOT = iphoneos;
				VALIDATE_PRODUCT = YES;
			};
			name = Release;
		};
		28ED113C2A2882E8006AC791 /* Debug */ = {
			isa = XCBuildConfiguration;
			baseConfigurationReference = 44E1EEB1B1A5D69894373C23 /* Pods-MW_Test.debug.xcconfig */;
			buildSettings = {
				ASSETCATALOG_COMPILER_APPICON_NAME = AppIcon;
				ASSETCATALOG_COMPILER_GLOBAL_ACCENT_COLOR_NAME = AccentColor;
				CLANG_ENABLE_MODULES = YES;
				CODE_SIGN_STYLE = Automatic;
				CURRENT_PROJECT_VERSION = 1;
				DEVELOPMENT_TEAM = MWF73R64GS;
				GENERATE_INFOPLIST_FILE = YES;
				INFOPLIST_FILE = MW_Test/Info.plist;
				INFOPLIST_KEY_NSBluetoothAlwaysUsageDescription = "Connect with Metawaer Sensors";
				INFOPLIST_KEY_UIApplicationSupportsIndirectInputEvents = YES;
				INFOPLIST_KEY_UILaunchStoryboardName = LaunchScreen;
				INFOPLIST_KEY_UIMainStoryboardFile = Main;
				INFOPLIST_KEY_UISupportedInterfaceOrientations_iPad = "UIInterfaceOrientationPortrait UIInterfaceOrientationPortraitUpsideDown UIInterfaceOrientationLandscapeLeft UIInterfaceOrientationLandscapeRight";
				INFOPLIST_KEY_UISupportedInterfaceOrientations_iPhone = "UIInterfaceOrientationPortrait UIInterfaceOrientationLandscapeLeft UIInterfaceOrientationLandscapeRight";
				IPHONEOS_DEPLOYMENT_TARGET = 11.1;
				LD_RUNPATH_SEARCH_PATHS = (
					"$(inherited)",
					"@executable_path/Frameworks",
				);
				MARKETING_VERSION = 1.0;
				PRODUCT_BUNDLE_IDENTIFIER = "nus.MW-Test";
				PRODUCT_NAME = "$(TARGET_NAME)";
				SWIFT_EMIT_LOC_STRINGS = YES;
				SWIFT_OBJC_BRIDGING_HEADER = "MW_Test/MW_Test-Bridging-Header.h";
				SWIFT_OPTIMIZATION_LEVEL = "-Onone";
				SWIFT_VERSION = 5.0;
				TARGETED_DEVICE_FAMILY = "1,2";
			};
			name = Debug;
		};
		28ED113D2A2882E8006AC791 /* Release */ = {
			isa = XCBuildConfiguration;
			baseConfigurationReference = AD6794D34963DB540D6EB6CC /* Pods-MW_Test.release.xcconfig */;
			buildSettings = {
				ASSETCATALOG_COMPILER_APPICON_NAME = AppIcon;
				ASSETCATALOG_COMPILER_GLOBAL_ACCENT_COLOR_NAME = AccentColor;
				CLANG_ENABLE_MODULES = YES;
				CODE_SIGN_STYLE = Automatic;
				CURRENT_PROJECT_VERSION = 1;
				DEVELOPMENT_TEAM = MWF73R64GS;
				GENERATE_INFOPLIST_FILE = YES;
				INFOPLIST_FILE = MW_Test/Info.plist;
				INFOPLIST_KEY_NSBluetoothAlwaysUsageDescription = "Connect with Metawaer Sensors";
				INFOPLIST_KEY_UIApplicationSupportsIndirectInputEvents = YES;
				INFOPLIST_KEY_UILaunchStoryboardName = LaunchScreen;
				INFOPLIST_KEY_UIMainStoryboardFile = Main;
				INFOPLIST_KEY_UISupportedInterfaceOrientations_iPad = "UIInterfaceOrientationPortrait UIInterfaceOrientationPortraitUpsideDown UIInterfaceOrientationLandscapeLeft UIInterfaceOrientationLandscapeRight";
				INFOPLIST_KEY_UISupportedInterfaceOrientations_iPhone = "UIInterfaceOrientationPortrait UIInterfaceOrientationLandscapeLeft UIInterfaceOrientationLandscapeRight";
				IPHONEOS_DEPLOYMENT_TARGET = 11.1;
				LD_RUNPATH_SEARCH_PATHS = (
					"$(inherited)",
					"@executable_path/Frameworks",
				);
				MARKETING_VERSION = 1.0;
				PRODUCT_BUNDLE_IDENTIFIER = "nus.MW-Test";
				PRODUCT_NAME = "$(TARGET_NAME)";
				SWIFT_EMIT_LOC_STRINGS = YES;
				SWIFT_OBJC_BRIDGING_HEADER = "MW_Test/MW_Test-Bridging-Header.h";
				SWIFT_VERSION = 5.0;
				TARGETED_DEVICE_FAMILY = "1,2";
			};
			name = Release;
		};
/* End XCBuildConfiguration section */

/* Begin XCConfigurationList section */
		28ED111D2A2882E7006AC791 /* Build configuration list for PBXProject "MW_Test" */ = {
			isa = XCConfigurationList;
			buildConfigurations = (
				28ED11392A2882E8006AC791 /* Debug */,
				28ED113A2A2882E8006AC791 /* Release */,
			);
			defaultConfigurationIsVisible = 0;
			defaultConfigurationName = Release;
		};
		28ED113B2A2882E8006AC791 /* Build configuration list for PBXNativeTarget "MW_Test" */ = {
			isa = XCConfigurationList;
			buildConfigurations = (
				28ED113C2A2882E8006AC791 /* Debug */,
				28ED113D2A2882E8006AC791 /* Release */,
			);
			defaultConfigurationIsVisible = 0;
			defaultConfigurationName = Release;
		};
/* End XCConfigurationList section */
	};
	rootObject = 28ED111A2A2882E7006AC791 /* Project object */;
}
